schema: '2.0'
stages:
  process_data:
    cmd: python src/process.py
    deps:
    - path: data/raw/bank_tickets.json
      hash: md5
      md5: 79c28033f1590a579c4cc03660438af5
      size: 83392514
    - path: src/process.py
      hash: md5
      md5: 4667bacfaa5c759e84bc7fa551ef64e9
      size: 428
    - path: src/utils/filemanager_util.py
      hash: md5
      md5: e2473c1f3fa09912d23ada92939695e2
      size: 845
    - path: src/utils/process_util.py
      hash: md5
      md5: d0109e6c90411488eba78758abcd826d
      size: 1767
    params:
      params.yaml:
        process.raw_file: data/raw/bank_tickets.json
    outs:
    - path: data/processed/processed.csv
      hash: md5
      md5: a36b71c609d5ec7a3bd24bac5cc3c5a3
      size: 34785307
  featurize:
    cmd: python src/featurization.py
    deps:
    - path: data/processed/processed.csv
      hash: md5
      md5: a36b71c609d5ec7a3bd24bac5cc3c5a3
      size: 34785307
    - path: src/featurization.py
      hash: md5
      md5: 069a7ff5459293660c0895a81265faa9
      size: 471
    - path: src/utils/featurization_util.py
      hash: md5
      md5: c2b42288d73ce0f958baa1913c5516dc
      size: 2239
    - path: src/utils/filemanager_util.py
      hash: md5
      md5: e2473c1f3fa09912d23ada92939695e2
      size: 845
    params:
      params.yaml:
        featurization.processed_file: data/processed/processed.csv
    outs:
    - path: data/featured/featurized_data.csv
      hash: md5
      md5: 794439ba2911874147083b61c0927508
      size: 35599586
