schema: '2.0'
stages:
  process_data:
    cmd: python src/process.py
    deps:
    - path: data/raw/bank_tickets.json
      hash: md5
      md5: 79c28033f1590a579c4cc03660438af5
      size: 83392514
    - path: src/process.py
      hash: md5
      md5: e7e679892b4eda5f036123d74d71aca6
      size: 426
    - path: src/utils/filemanager_util.py
      hash: md5
      md5: e2473c1f3fa09912d23ada92939695e2
      size: 845
    - path: src/utils/process_util.py
      hash: md5
      md5: d0109e6c90411488eba78758abcd826d
      size: 1767
    params:
      params.yaml:
        process.raw_file: data/raw/bank_tickets.json
    outs:
    - path: data/processed/
      hash: md5
      md5: a8e3899d612e374b5bce778e4ffab2e4.dir
      size: 34785307
      nfiles: 1
